// !$*UTF8*$!
{
	archiveVersion = 1;
	classes = {
	};
	objectVersion = 48;
	objects = {

/* Begin PBXBuildFile section */
		EA02BB071F907523000A8AF8 /* AppDelegate.swift in Sources */ = {isa = PBXBuildFile; fileRef = EA02BB061F907523000A8AF8 /* AppDelegate.swift */; };
		EA02BB091F907523000A8AF8 /* TopStoryViewController.swift in Sources */ = {isa = PBXBuildFile; fileRef = EA02BB081F907523000A8AF8 /* TopStoryViewController.swift */; };
		EA02BB0C1F907523000A8AF8 /* TopStory.storyboard in Resources */ = {isa = PBXBuildFile; fileRef = EA02BB0A1F907523000A8AF8 /* TopStory.storyboard */; };
		EA02BB0E1F907523000A8AF8 /* Assets.xcassets in Resources */ = {isa = PBXBuildFile; fileRef = EA02BB0D1F907523000A8AF8 /* Assets.xcassets */; };
		EA02BB111F907523000A8AF8 /* LaunchScreen.storyboard in Resources */ = {isa = PBXBuildFile; fileRef = EA02BB0F1F907523000A8AF8 /* LaunchScreen.storyboard */; };
		EA02BB1C1F907524000A8AF8 /* PostTests.swift in Sources */ = {isa = PBXBuildFile; fileRef = EA02BB1B1F907524000A8AF8 /* PostTests.swift */; };
		EA02BB271F907524000A8AF8 /* F5OClockUITests.swift in Sources */ = {isa = PBXBuildFile; fileRef = EA02BB261F907524000A8AF8 /* F5OClockUITests.swift */; };
		EA02BB351F907544000A8AF8 /* Post.swift in Sources */ = {isa = PBXBuildFile; fileRef = EA02BB341F907544000A8AF8 /* Post.swift */; };
		EA02BB381F907989000A8AF8 /* PostDownloader.swift in Sources */ = {isa = PBXBuildFile; fileRef = EA02BB371F907989000A8AF8 /* PostDownloader.swift */; };
		EA02BB3C1F9085B1000A8AF8 /* ImageDownloadExtension.swift in Sources */ = {isa = PBXBuildFile; fileRef = EA02BB3B1F9085B1000A8AF8 /* ImageDownloadExtension.swift */; };
		EA65E33C1F919DA500B0E33D /* JSONMock.swift in Sources */ = {isa = PBXBuildFile; fileRef = EA65E33B1F919DA500B0E33D /* JSONMock.swift */; };
		EA65E33F1F91C77000B0E33D /* SettingsViewController.swift in Sources */ = {isa = PBXBuildFile; fileRef = EA65E33E1F91C77000B0E33D /* SettingsViewController.swift */; };
/* End PBXBuildFile section */

/* Begin PBXContainerItemProxy section */
		EA02BB181F907524000A8AF8 /* PBXContainerItemProxy */ = {
			isa = PBXContainerItemProxy;
			containerPortal = EA02BAFB1F907523000A8AF8 /* Project object */;
			proxyType = 1;
			remoteGlobalIDString = EA02BB021F907523000A8AF8;
			remoteInfo = F5OClock;
		};
		EA02BB231F907524000A8AF8 /* PBXContainerItemProxy */ = {
			isa = PBXContainerItemProxy;
			containerPortal = EA02BAFB1F907523000A8AF8 /* Project object */;
			proxyType = 1;
			remoteGlobalIDString = EA02BB021F907523000A8AF8;
			remoteInfo = F5OClock;
		};
/* End PBXContainerItemProxy section */

/* Begin PBXFileReference section */
		EA02BB031F907523000A8AF8 /* F5OClock.app */ = {isa = PBXFileReference; explicitFileType = wrapper.application; includeInIndex = 0; path = F5OClock.app; sourceTree = BUILT_PRODUCTS_DIR; };
		EA02BB061F907523000A8AF8 /* AppDelegate.swift */ = {isa = PBXFileReference; lastKnownFileType = sourcecode.swift; path = AppDelegate.swift; sourceTree = "<group>"; };
		EA02BB081F907523000A8AF8 /* TopStoryViewController.swift */ = {isa = PBXFileReference; lastKnownFileType = sourcecode.swift; path = TopStoryViewController.swift; sourceTree = "<group>"; };
		EA02BB0B1F907523000A8AF8 /* Base */ = {isa = PBXFileReference; lastKnownFileType = file.storyboard; name = Base; path = Base.lproj/TopStory.storyboard; sourceTree = "<group>"; };
		EA02BB0D1F907523000A8AF8 /* Assets.xcassets */ = {isa = PBXFileReference; lastKnownFileType = folder.assetcatalog; path = Assets.xcassets; sourceTree = "<group>"; };
		EA02BB101F907523000A8AF8 /* Base */ = {isa = PBXFileReference; lastKnownFileType = file.storyboard; name = Base; path = Base.lproj/LaunchScreen.storyboard; sourceTree = "<group>"; };
		EA02BB121F907523000A8AF8 /* Info.plist */ = {isa = PBXFileReference; lastKnownFileType = text.plist.xml; path = Info.plist; sourceTree = "<group>"; };
		EA02BB171F907524000A8AF8 /* F5OClockTests.xctest */ = {isa = PBXFileReference; explicitFileType = wrapper.cfbundle; includeInIndex = 0; path = F5OClockTests.xctest; sourceTree = BUILT_PRODUCTS_DIR; };
		EA02BB1B1F907524000A8AF8 /* PostTests.swift */ = {isa = PBXFileReference; lastKnownFileType = sourcecode.swift; path = PostTests.swift; sourceTree = "<group>"; };
		EA02BB1D1F907524000A8AF8 /* Info.plist */ = {isa = PBXFileReference; lastKnownFileType = text.plist.xml; path = Info.plist; sourceTree = "<group>"; };
		EA02BB221F907524000A8AF8 /* F5OClockUITests.xctest */ = {isa = PBXFileReference; explicitFileType = wrapper.cfbundle; includeInIndex = 0; path = F5OClockUITests.xctest; sourceTree = BUILT_PRODUCTS_DIR; };
		EA02BB261F907524000A8AF8 /* F5OClockUITests.swift */ = {isa = PBXFileReference; lastKnownFileType = sourcecode.swift; path = F5OClockUITests.swift; sourceTree = "<group>"; };
		EA02BB281F907524000A8AF8 /* Info.plist */ = {isa = PBXFileReference; lastKnownFileType = text.plist.xml; path = Info.plist; sourceTree = "<group>"; };
		EA02BB341F907544000A8AF8 /* Post.swift */ = {isa = PBXFileReference; lastKnownFileType = sourcecode.swift; path = Post.swift; sourceTree = "<group>"; };
		EA02BB371F907989000A8AF8 /* PostDownloader.swift */ = {isa = PBXFileReference; lastKnownFileType = sourcecode.swift; path = PostDownloader.swift; sourceTree = "<group>"; };
		EA02BB3B1F9085B1000A8AF8 /* ImageDownloadExtension.swift */ = {isa = PBXFileReference; lastKnownFileType = sourcecode.swift; path = ImageDownloadExtension.swift; sourceTree = "<group>"; };
		EA65E33B1F919DA500B0E33D /* JSONMock.swift */ = {isa = PBXFileReference; lastKnownFileType = sourcecode.swift; path = JSONMock.swift; sourceTree = "<group>"; };
		EA65E33E1F91C77000B0E33D /* SettingsViewController.swift */ = {isa = PBXFileReference; lastKnownFileType = sourcecode.swift; path = SettingsViewController.swift; sourceTree = "<group>"; };
/* End PBXFileReference section */

/* Begin PBXFrameworksBuildPhase section */
		EA02BB001F907523000A8AF8 /* Frameworks */ = {
			isa = PBXFrameworksBuildPhase;
			buildActionMask = 2147483647;
			files = (
			);
			runOnlyForDeploymentPostprocessing = 0;
		};
		EA02BB141F907524000A8AF8 /* Frameworks */ = {
			isa = PBXFrameworksBuildPhase;
			buildActionMask = 2147483647;
			files = (
			);
			runOnlyForDeploymentPostprocessing = 0;
		};
		EA02BB1F1F907524000A8AF8 /* Frameworks */ = {
			isa = PBXFrameworksBuildPhase;
			buildActionMask = 2147483647;
			files = (
			);
			runOnlyForDeploymentPostprocessing = 0;
		};
/* End PBXFrameworksBuildPhase section */

/* Begin PBXGroup section */
		EA02BAFA1F907523000A8AF8 = {
			isa = PBXGroup;
			children = (
				EA02BB051F907523000A8AF8 /* F5OClock */,
				EA02BB1A1F907524000A8AF8 /* F5OClockTests */,
				EA02BB251F907524000A8AF8 /* F5OClockUITests */,
				EA02BB041F907523000A8AF8 /* Products */,
			);
			sourceTree = "<group>";
		};
		EA02BB041F907523000A8AF8 /* Products */ = {
			isa = PBXGroup;
			children = (
				EA02BB031F907523000A8AF8 /* F5OClock.app */,
				EA02BB171F907524000A8AF8 /* F5OClockTests.xctest */,
				EA02BB221F907524000A8AF8 /* F5OClockUITests.xctest */,
			);
			name = Products;
			sourceTree = "<group>";
		};
		EA02BB051F907523000A8AF8 /* F5OClock */ = {
			isa = PBXGroup;
			children = (
				EA02BB061F907523000A8AF8 /* AppDelegate.swift */,
				EA65E33D1F91C73200B0E33D /* View Controllers */,
				EA02BB3E1F908E1D000A8AF8 /* Extensions */,
				EA02BB361F907547000A8AF8 /* JSON Model */,
				EA02BB0A1F907523000A8AF8 /* TopStory.storyboard */,
				EA02BB0D1F907523000A8AF8 /* Assets.xcassets */,
				EA02BB0F1F907523000A8AF8 /* LaunchScreen.storyboard */,
				EA02BB121F907523000A8AF8 /* Info.plist */,
			);
			path = F5OClock;
			sourceTree = "<group>";
		};
		EA02BB1A1F907524000A8AF8 /* F5OClockTests */ = {
			isa = PBXGroup;
			children = (
				EA02BB1B1F907524000A8AF8 /* PostTests.swift */,
				EA65E33B1F919DA500B0E33D /* JSONMock.swift */,
				EA02BB1D1F907524000A8AF8 /* Info.plist */,
			);
			path = F5OClockTests;
			sourceTree = "<group>";
		};
		EA02BB251F907524000A8AF8 /* F5OClockUITests */ = {
			isa = PBXGroup;
			children = (
				EA02BB261F907524000A8AF8 /* F5OClockUITests.swift */,
				EA02BB281F907524000A8AF8 /* Info.plist */,
			);
			path = F5OClockUITests;
			sourceTree = "<group>";
		};
		EA02BB361F907547000A8AF8 /* JSON Model */ = {
			isa = PBXGroup;
			children = (
				EA02BB371F907989000A8AF8 /* PostDownloader.swift */,
				EA02BB341F907544000A8AF8 /* Post.swift */,
			);
			path = "JSON Model";
			sourceTree = "<group>";
		};
		EA02BB3E1F908E1D000A8AF8 /* Extensions */ = {
			isa = PBXGroup;
			children = (
				EA02BB3B1F9085B1000A8AF8 /* ImageDownloadExtension.swift */,
			);
			path = Extensions;
			sourceTree = "<group>";
		};
		EA65E33D1F91C73200B0E33D /* View Controllers */ = {
			isa = PBXGroup;
			children = (
				EA02BB081F907523000A8AF8 /* TopStoryViewController.swift */,
				EA65E33E1F91C77000B0E33D /* SettingsViewController.swift */,
			);
			path = "View Controllers";
			sourceTree = "<group>";
		};
/* End PBXGroup section */

/* Begin PBXNativeTarget section */
		EA02BB021F907523000A8AF8 /* F5OClock */ = {
			isa = PBXNativeTarget;
			buildConfigurationList = EA02BB2B1F907524000A8AF8 /* Build configuration list for PBXNativeTarget "F5OClock" */;
			buildPhases = (
				EA02BAFF1F907523000A8AF8 /* Sources */,
				EA02BB001F907523000A8AF8 /* Frameworks */,
				EA02BB011F907523000A8AF8 /* Resources */,
			);
			buildRules = (
			);
			dependencies = (
			);
			name = F5OClock;
			productName = F5OClock;
			productReference = EA02BB031F907523000A8AF8 /* F5OClock.app */;
			productType = "com.apple.product-type.application";
		};
		EA02BB161F907524000A8AF8 /* F5OClockTests */ = {
			isa = PBXNativeTarget;
			buildConfigurationList = EA02BB2E1F907524000A8AF8 /* Build configuration list for PBXNativeTarget "F5OClockTests" */;
			buildPhases = (
				EA02BB131F907524000A8AF8 /* Sources */,
				EA02BB141F907524000A8AF8 /* Frameworks */,
				EA02BB151F907524000A8AF8 /* Resources */,
			);
			buildRules = (
			);
			dependencies = (
				EA02BB191F907524000A8AF8 /* PBXTargetDependency */,
			);
			name = F5OClockTests;
			productName = F5OClockTests;
			productReference = EA02BB171F907524000A8AF8 /* F5OClockTests.xctest */;
			productType = "com.apple.product-type.bundle.unit-test";
		};
		EA02BB211F907524000A8AF8 /* F5OClockUITests */ = {
			isa = PBXNativeTarget;
			buildConfigurationList = EA02BB311F907524000A8AF8 /* Build configuration list for PBXNativeTarget "F5OClockUITests" */;
			buildPhases = (
				EA02BB1E1F907524000A8AF8 /* Sources */,
				EA02BB1F1F907524000A8AF8 /* Frameworks */,
				EA02BB201F907524000A8AF8 /* Resources */,
			);
			buildRules = (
			);
			dependencies = (
				EA02BB241F907524000A8AF8 /* PBXTargetDependency */,
			);
			name = F5OClockUITests;
			productName = F5OClockUITests;
			productReference = EA02BB221F907524000A8AF8 /* F5OClockUITests.xctest */;
			productType = "com.apple.product-type.bundle.ui-testing";
		};
/* End PBXNativeTarget section */

/* Begin PBXProject section */
		EA02BAFB1F907523000A8AF8 /* Project object */ = {
			isa = PBXProject;
			attributes = {
				LastSwiftUpdateCheck = 0910;
				LastUpgradeCheck = 0910;
				ORGANIZATIONNAME = "Daniel Yount";
				TargetAttributes = {
					EA02BB021F907523000A8AF8 = {
						CreatedOnToolsVersion = 9.1;
						ProvisioningStyle = Automatic;
					};
					EA02BB161F907524000A8AF8 = {
						CreatedOnToolsVersion = 9.1;
						ProvisioningStyle = Automatic;
						TestTargetID = EA02BB021F907523000A8AF8;
					};
					EA02BB211F907524000A8AF8 = {
						CreatedOnToolsVersion = 9.1;
						ProvisioningStyle = Automatic;
						TestTargetID = EA02BB021F907523000A8AF8;
					};
				};
			};
			buildConfigurationList = EA02BAFE1F907523000A8AF8 /* Build configuration list for PBXProject "F5OClock" */;
			compatibilityVersion = "Xcode 8.0";
			developmentRegion = en;
			hasScannedForEncodings = 0;
			knownRegions = (
				en,
				Base,
			);
			mainGroup = EA02BAFA1F907523000A8AF8;
			productRefGroup = EA02BB041F907523000A8AF8 /* Products */;
			projectDirPath = "";
			projectRoot = "";
			targets = (
				EA02BB021F907523000A8AF8 /* F5OClock */,
				EA02BB161F907524000A8AF8 /* F5OClockTests */,
				EA02BB211F907524000A8AF8 /* F5OClockUITests */,
			);
		};
/* End PBXProject section */

/* Begin PBXResourcesBuildPhase section */
		EA02BB011F907523000A8AF8 /* Resources */ = {
			isa = PBXResourcesBuildPhase;
			buildActionMask = 2147483647;
			files = (
				EA02BB111F907523000A8AF8 /* LaunchScreen.storyboard in Resources */,
				EA02BB0E1F907523000A8AF8 /* Assets.xcassets in Resources */,
				EA02BB0C1F907523000A8AF8 /* TopStory.storyboard in Resources */,
			);
			runOnlyForDeploymentPostprocessing = 0;
		};
		EA02BB151F907524000A8AF8 /* Resources */ = {
			isa = PBXResourcesBuildPhase;
			buildActionMask = 2147483647;
			files = (
			);
			runOnlyForDeploymentPostprocessing = 0;
		};
		EA02BB201F907524000A8AF8 /* Resources */ = {
			isa = PBXResourcesBuildPhase;
			buildActionMask = 2147483647;
			files = (
			);
			runOnlyForDeploymentPostprocessing = 0;
		};
/* End PBXResourcesBuildPhase section */

/* Begin PBXSourcesBuildPhase section */
		EA02BAFF1F907523000A8AF8 /* Sources */ = {
			isa = PBXSourcesBuildPhase;
			buildActionMask = 2147483647;
			files = (
				EA02BB381F907989000A8AF8 /* PostDownloader.swift in Sources */,
				EA02BB351F907544000A8AF8 /* Post.swift in Sources */,
				EA02BB091F907523000A8AF8 /* TopStoryViewController.swift in Sources */,
				EA02BB071F907523000A8AF8 /* AppDelegate.swift in Sources */,
				EA02BB3C1F9085B1000A8AF8 /* ImageDownloadExtension.swift in Sources */,
				EA65E33F1F91C77000B0E33D /* SettingsViewController.swift in Sources */,
			);
			runOnlyForDeploymentPostprocessing = 0;
		};
		EA02BB131F907524000A8AF8 /* Sources */ = {
			isa = PBXSourcesBuildPhase;
			buildActionMask = 2147483647;
			files = (
				EA02BB1C1F907524000A8AF8 /* PostTests.swift in Sources */,
				EA65E33C1F919DA500B0E33D /* JSONMock.swift in Sources */,
			);
			runOnlyForDeploymentPostprocessing = 0;
		};
		EA02BB1E1F907524000A8AF8 /* Sources */ = {
			isa = PBXSourcesBuildPhase;
			buildActionMask = 2147483647;
			files = (
				EA02BB271F907524000A8AF8 /* F5OClockUITests.swift in Sources */,
			);
			runOnlyForDeploymentPostprocessing = 0;
		};
/* End PBXSourcesBuildPhase section */

/* Begin PBXTargetDependency section */
		EA02BB191F907524000A8AF8 /* PBXTargetDependency */ = {
			isa = PBXTargetDependency;
			target = EA02BB021F907523000A8AF8 /* F5OClock */;
			targetProxy = EA02BB181F907524000A8AF8 /* PBXContainerItemProxy */;
		};
		EA02BB241F907524000A8AF8 /* PBXTargetDependency */ = {
			isa = PBXTargetDependency;
			target = EA02BB021F907523000A8AF8 /* F5OClock */;
			targetProxy = EA02BB231F907524000A8AF8 /* PBXContainerItemProxy */;
		};
/* End PBXTargetDependency section */

/* Begin PBXVariantGroup section */
		EA02BB0A1F907523000A8AF8 /* TopStory.storyboard */ = {
			isa = PBXVariantGroup;
			children = (
				EA02BB0B1F907523000A8AF8 /* Base */,
			);
			name = TopStory.storyboard;
			sourceTree = "<group>";
		};
		EA02BB0F1F907523000A8AF8 /* LaunchScreen.storyboard */ = {
			isa = PBXVariantGroup;
			children = (
				EA02BB101F907523000A8AF8 /* Base */,
			);
			name = LaunchScreen.storyboard;
			sourceTree = "<group>";
		};
/* End PBXVariantGroup section */

/* Begin XCBuildConfiguration section */
		EA02BB291F907524000A8AF8 /* Debug */ = {
			isa = XCBuildConfiguration;
			buildSettings = {
				ALWAYS_SEARCH_USER_PATHS = NO;
				CLANG_ANALYZER_NONNULL = YES;
				CLANG_ANALYZER_NUMBER_OBJECT_CONVERSION = YES_AGGRESSIVE;
				CLANG_CXX_LANGUAGE_STANDARD = "gnu++14";
				CLANG_CXX_LIBRARY = "libc++";
				CLANG_ENABLE_MODULES = YES;
				CLANG_ENABLE_OBJC_ARC = YES;
				CLANG_WARN_BLOCK_CAPTURE_AUTORELEASING = YES;
				CLANG_WARN_BOOL_CONVERSION = YES;
				CLANG_WARN_COMMA = YES;
				CLANG_WARN_CONSTANT_CONVERSION = YES;
				CLANG_WARN_DIRECT_OBJC_ISA_USAGE = YES_ERROR;
				CLANG_WARN_DOCUMENTATION_COMMENTS = YES;
				CLANG_WARN_EMPTY_BODY = YES;
				CLANG_WARN_ENUM_CONVERSION = YES;
				CLANG_WARN_INFINITE_RECURSION = YES;
				CLANG_WARN_INT_CONVERSION = YES;
				CLANG_WARN_NON_LITERAL_NULL_CONVERSION = YES;
				CLANG_WARN_OBJC_LITERAL_CONVERSION = YES;
				CLANG_WARN_OBJC_ROOT_CLASS = YES_ERROR;
				CLANG_WARN_RANGE_LOOP_ANALYSIS = YES;
				CLANG_WARN_STRICT_PROTOTYPES = YES;
				CLANG_WARN_SUSPICIOUS_MOVE = YES;
				CLANG_WARN_UNGUARDED_AVAILABILITY = YES_AGGRESSIVE;
				CLANG_WARN_UNREACHABLE_CODE = YES;
				CLANG_WARN__DUPLICATE_METHOD_MATCH = YES;
				CODE_SIGN_IDENTITY = "iPhone Developer";
				COPY_PHASE_STRIP = NO;
				DEBUG_INFORMATION_FORMAT = dwarf;
				ENABLE_STRICT_OBJC_MSGSEND = YES;
				ENABLE_TESTABILITY = YES;
				GCC_C_LANGUAGE_STANDARD = gnu11;
				GCC_DYNAMIC_NO_PIC = NO;
				GCC_NO_COMMON_BLOCKS = YES;
				GCC_OPTIMIZATION_LEVEL = 0;
				GCC_PREPROCESSOR_DEFINITIONS = (
					"DEBUG=1",
					"$(inherited)",
				);
				GCC_WARN_64_TO_32_BIT_CONVERSION = YES;
				GCC_WARN_ABOUT_RETURN_TYPE = YES_ERROR;
				GCC_WARN_UNDECLARED_SELECTOR = YES;
				GCC_WARN_UNINITIALIZED_AUTOS = YES_AGGRESSIVE;
				GCC_WARN_UNUSED_FUNCTION = YES;
				GCC_WARN_UNUSED_VARIABLE = YES;
				IPHONEOS_DEPLOYMENT_TARGET = 11.1;
				MTL_ENABLE_DEBUG_INFO = YES;
				ONLY_ACTIVE_ARCH = YES;
				SDKROOT = iphoneos;
				SWIFT_ACTIVE_COMPILATION_CONDITIONS = DEBUG;
				SWIFT_OPTIMIZATION_LEVEL = "-Onone";
			};
			name = Debug;
		};
		EA02BB2A1F907524000A8AF8 /* Release */ = {
			isa = XCBuildConfiguration;
			buildSettings = {
				ALWAYS_SEARCH_USER_PATHS = NO;
				CLANG_ANALYZER_NONNULL = YES;
				CLANG_ANALYZER_NUMBER_OBJECT_CONVERSION = YES_AGGRESSIVE;
				CLANG_CXX_LANGUAGE_STANDARD = "gnu++14";
				CLANG_CXX_LIBRARY = "libc++";
				CLANG_ENABLE_MODULES = YES;
				CLANG_ENABLE_OBJC_ARC = YES;
				CLANG_WARN_BLOCK_CAPTURE_AUTORELEASING = YES;
				CLANG_WARN_BOOL_CONVERSION = YES;
				CLANG_WARN_COMMA = YES;
				CLANG_WARN_CONSTANT_CONVERSION = YES;
				CLANG_WARN_DIRECT_OBJC_ISA_USAGE = YES_ERROR;
				CLANG_WARN_DOCUMENTATION_COMMENTS = YES;
				CLANG_WARN_EMPTY_BODY = YES;
				CLANG_WARN_ENUM_CONVERSION = YES;
				CLANG_WARN_INFINITE_RECURSION = YES;
				CLANG_WARN_INT_CONVERSION = YES;
				CLANG_WARN_NON_LITERAL_NULL_CONVERSION = YES;
				CLANG_WARN_OBJC_LITERAL_CONVERSION = YES;
				CLANG_WARN_OBJC_ROOT_CLASS = YES_ERROR;
				CLANG_WARN_RANGE_LOOP_ANALYSIS = YES;
				CLANG_WARN_STRICT_PROTOTYPES = YES;
				CLANG_WARN_SUSPICIOUS_MOVE = YES;
				CLANG_WARN_UNGUARDED_AVAILABILITY = YES_AGGRESSIVE;
				CLANG_WARN_UNREACHABLE_CODE = YES;
				CLANG_WARN__DUPLICATE_METHOD_MATCH = YES;
				CODE_SIGN_IDENTITY = "iPhone Developer";
				COPY_PHASE_STRIP = NO;
				DEBUG_INFORMATION_FORMAT = "dwarf-with-dsym";
				ENABLE_NS_ASSERTIONS = NO;
				ENABLE_STRICT_OBJC_MSGSEND = YES;
				GCC_C_LANGUAGE_STANDARD = gnu11;
				GCC_NO_COMMON_BLOCKS = YES;
				GCC_WARN_64_TO_32_BIT_CONVERSION = YES;
				GCC_WARN_ABOUT_RETURN_TYPE = YES_ERROR;
				GCC_WARN_UNDECLARED_SELECTOR = YES;
				GCC_WARN_UNINITIALIZED_AUTOS = YES_AGGRESSIVE;
				GCC_WARN_UNUSED_FUNCTION = YES;
				GCC_WARN_UNUSED_VARIABLE = YES;
				IPHONEOS_DEPLOYMENT_TARGET = 11.1;
				MTL_ENABLE_DEBUG_INFO = NO;
				SDKROOT = iphoneos;
				SWIFT_OPTIMIZATION_LEVEL = "-Owholemodule";
				VALIDATE_PRODUCT = YES;
			};
			name = Release;
		};
		EA02BB2C1F907524000A8AF8 /* Debug */ = {
			isa = XCBuildConfiguration;
			buildSettings = {
				ASSETCATALOG_COMPILER_APPICON_NAME = AppIcon;
				CODE_SIGN_STYLE = Automatic;
				DEVELOPMENT_TEAM = 93KKH99Z5P;
				INFOPLIST_FILE = F5OClock/Info.plist;
				LD_RUNPATH_SEARCH_PATHS = "$(inherited) @executable_path/Frameworks";
				PRODUCT_BUNDLE_IDENTIFIER = com.danielyount.F5OClock;
				PRODUCT_NAME = "$(TARGET_NAME)";
				SWIFT_VERSION = 4.0;
				TARGETED_DEVICE_FAMILY = "1,2";
			};
			name = Debug;
		};
		EA02BB2D1F907524000A8AF8 /* Release */ = {
			isa = XCBuildConfiguration;
			buildSettings = {
				ASSETCATALOG_COMPILER_APPICON_NAME = AppIcon;
				CODE_SIGN_STYLE = Automatic;
				DEVELOPMENT_TEAM = 93KKH99Z5P;
				INFOPLIST_FILE = F5OClock/Info.plist;
				LD_RUNPATH_SEARCH_PATHS = "$(inherited) @executable_path/Frameworks";
				PRODUCT_BUNDLE_IDENTIFIER = com.danielyount.F5OClock;
				PRODUCT_NAME = "$(TARGET_NAME)";
				SWIFT_VERSION = 4.0;
				TARGETED_DEVICE_FAMILY = "1,2";
			};
			name = Release;
		};
		EA02BB2F1F907524000A8AF8 /* Debug */ = {
			isa = XCBuildConfiguration;
			buildSettings = {
				ALWAYS_EMBED_SWIFT_STANDARD_LIBRARIES = YES;
				BUNDLE_LOADER = "$(TEST_HOST)";
				CODE_SIGN_STYLE = Automatic;
				DEVELOPMENT_TEAM = 93KKH99Z5P;
				INFOPLIST_FILE = F5OClockTests/Info.plist;
				LD_RUNPATH_SEARCH_PATHS = "$(inherited) @executable_path/Frameworks @loader_path/Frameworks";
				PRODUCT_BUNDLE_IDENTIFIER = com.danielyount.F5OClockTests;
				PRODUCT_NAME = "$(TARGET_NAME)";
				SWIFT_VERSION = 4.0;
				TARGETED_DEVICE_FAMILY = "1,2";
				TEST_HOST = "$(BUILT_PRODUCTS_DIR)/F5OClock.app/F5OClock";
			};
			name = Debug;
		};
		EA02BB301F907524000A8AF8 /* Release */ = {
			isa = XCBuildConfiguration;
			buildSettings = {
				ALWAYS_EMBED_SWIFT_STANDARD_LIBRARIES = YES;
				BUNDLE_LOADER = "$(TEST_HOST)";
				CODE_SIGN_STYLE = Automatic;
				DEVELOPMENT_TEAM = 93KKH99Z5P;
				INFOPLIST_FILE = F5OClockTests/Info.plist;
				LD_RUNPATH_SEARCH_PATHS = "$(inherited) @executable_path/Frameworks @loader_path/Frameworks";
				PRODUCT_BUNDLE_IDENTIFIER = com.danielyount.F5OClockTests;
				PRODUCT_NAME = "$(TARGET_NAME)";
				SWIFT_VERSION = 4.0;
				TARGETED_DEVICE_FAMILY = "1,2";
				TEST_HOST = "$(BUILT_PRODUCTS_DIR)/F5OClock.app/F5OClock";
			};
			name = Release;
		};
		EA02BB321F907524000A8AF8 /* Debug */ = {
			isa = XCBuildConfiguration;
			buildSettings = {
				ALWAYS_EMBED_SWIFT_STANDARD_LIBRARIES = YES;
				CODE_SIGN_STYLE = Automatic;
				DEVELOPMENT_TEAM = 93KKH99Z5P;
				INFOPLIST_FILE = F5OClockUITests/Info.plist;
				LD_RUNPATH_SEARCH_PATHS = "$(inherited) @executable_path/Frameworks @loader_path/Frameworks";
				PRODUCT_BUNDLE_IDENTIFIER = com.danielyount.F5OClockUITests;
				PRODUCT_NAME = "$(TARGET_NAME)";
				SWIFT_VERSION = 4.0;
				TARGETED_DEVICE_FAMILY = "1,2";
				TEST_TARGET_NAME = F5OClock;
			};
			name = Debug;
		};
		EA02BB331F907524000A8AF8 /* Release */ = {
			isa = XCBuildConfiguration;
			buildSettings = {
				ALWAYS_EMBED_SWIFT_STANDARD_LIBRARIES = YES;
				CODE_SIGN_STYLE = Automatic;
				DEVELOPMENT_TEAM = 93KKH99Z5P;
				INFOPLIST_FILE = F5OClockUITests/Info.plist;
				LD_RUNPATH_SEARCH_PATHS = "$(inherited) @executable_path/Frameworks @loader_path/Frameworks";
				PRODUCT_BUNDLE_IDENTIFIER = com.danielyount.F5OClockUITests;
				PRODUCT_NAME = "$(TARGET_NAME)";
				SWIFT_VERSION = 4.0;
				TARGETED_DEVICE_FAMILY = "1,2";
				TEST_TARGET_NAME = F5OClock;
			};
			name = Release;
		};
/* End XCBuildConfiguration section */

/* Begin XCConfigurationList section */
		EA02BAFE1F907523000A8AF8 /* Build configuration list for PBXProject "F5OClock" */ = {
			isa = XCConfigurationList;
			buildConfigurations = (
				EA02BB291F907524000A8AF8 /* Debug */,
				EA02BB2A1F907524000A8AF8 /* Release */,
			);
			defaultConfigurationIsVisible = 0;
			defaultConfigurationName = Release;
		};
		EA02BB2B1F907524000A8AF8 /* Build configuration list for PBXNativeTarget "F5OClock" */ = {
			isa = XCConfigurationList;
			buildConfigurations = (
				EA02BB2C1F907524000A8AF8 /* Debug */,
				EA02BB2D1F907524000A8AF8 /* Release */,
			);
			defaultConfigurationIsVisible = 0;
			defaultConfigurationName = Release;
		};
		EA02BB2E1F907524000A8AF8 /* Build configuration list for PBXNativeTarget "F5OClockTests" */ = {
			isa = XCConfigurationList;
			buildConfigurations = (
				EA02BB2F1F907524000A8AF8 /* Debug */,
				EA02BB301F907524000A8AF8 /* Release */,
			);
			defaultConfigurationIsVisible = 0;
			defaultConfigurationName = Release;
		};
		EA02BB311F907524000A8AF8 /* Build configuration list for PBXNativeTarget "F5OClockUITests" */ = {
			isa = XCConfigurationList;
			buildConfigurations = (
				EA02BB321F907524000A8AF8 /* Debug */,
				EA02BB331F907524000A8AF8 /* Release */,
			);
			defaultConfigurationIsVisible = 0;
			defaultConfigurationName = Release;
		};
/* End XCConfigurationList section */
	};
	rootObject = EA02BAFB1F907523000A8AF8 /* Project object */;
}
